# This file is automatically @generated by Cargo.
# It is not intended for manual editing.
version = 4

[[package]]
name = "fastrand"
version = "2.3.0"
source = "registry+https://github.com/rust-lang/crates.io-index"
checksum = "37909eebbb50d72f9059c3b6d82c0463f2ff062c9e95845c43a6c9c0355411be"

[[package]]
name = "godsays"
version = "0.1.5"
source = "registry+https://github.com/rust-lang/crates.io-index"
checksum = "629a9293d4a3ab155e6b08bf8abb556ffa604ad4239cb33295d4dc8987dd1c3b"
dependencies = [
 "fastrand",
]

[[package]]
name = "typst-godsays-core"
version = "0.1.0"
dependencies = [
 "godsays",
]
